
Microsoft Visual Studio Solution File, Format Version 12.00
# Visual Studio Version 17
VisualStudioVersion = 17.8.34330.188
MinimumVisualStudioVersion = 10.0.40219.1
Project("{FAE04EC0-301F-11D3-BF4B-00C04F79EFBC}") = "Fibonacci", "Fibonacci\Fibonacci.csproj", "{BB59EAFE-71C1-4834-90A8-0F3ABD7607D6}"
EndProject
Global
	GlobalSection(SolutionConfigurationPlatforms) = preSolution
		Debug|Any CPU = Debug|Any CPU
		Release|Any CPU = Release|Any CPU
	EndGlobalSection
	GlobalSection(ProjectConfigurationPlatforms) = postSolution
		{BB59EAFE-71C1-4834-90A8-0F3ABD7607D6}.Debug|Any CPU.ActiveCfg = Debug|Any CPU
		{BB59EAFE-71C1-4834-90A8-0F3ABD7607D6}.Debug|Any CPU.Build.0 = Debug|Any CPU
		{BB59EAFE-71C1-4834-90A8-0F3ABD7607D6}.Release|Any CPU.ActiveCfg = Release|Any CPU
		{BB59EAFE-71C1-4834-90A8-0F3ABD7607D6}.Release|Any CPU.Build.0 = Release|Any CPU
	EndGlobalSection
	GlobalSection(SolutionProperties) = preSolution
		HideSolutionNode = FALSE
	EndGlobalSection
	GlobalSection(ExtensibilityGlobals) = postSolution
		SolutionGuid = {8CFFA454-74DA-4E16-A370-4EB2A8218B36}
	EndGlobalSection
EndGlobal
